
Microsoft Visual Studio Solution File, Format Version 12.00
# Visual Studio Version 17
VisualStudioVersion = 17.3.32929.385
MinimumVisualStudioVersion = 10.0.40219.1
Project("{FAE04EC0-301F-11D3-BF4B-00C04F79EFBC}") = "PrimeiroProjeto", "PrimeiroProjeto\PrimeiroProjeto.csproj", "{04810A06-0ABE-49AB-BAC1-AEA04C4042BB}"
EndProject
Global
	GlobalSection(SolutionConfigurationPlatforms) = preSolution
		Debug|Any CPU = Debug|Any CPU
		Release|Any CPU = Release|Any CPU
	EndGlobalSection
	GlobalSection(ProjectConfigurationPlatforms) = postSolution
		{04810A06-0ABE-49AB-BAC1-AEA04C4042BB}.Debug|Any CPU.ActiveCfg = Debug|Any CPU
		{04810A06-0ABE-49AB-BAC1-AEA04C4042BB}.Debug|Any CPU.Build.0 = Debug|Any CPU
		{04810A06-0ABE-49AB-BAC1-AEA04C4042BB}.Release|Any CPU.ActiveCfg = Release|Any CPU
		{04810A06-0ABE-49AB-BAC1-AEA04C4042BB}.Release|Any CPU.Build.0 = Release|Any CPU
	EndGlobalSection
	GlobalSection(SolutionProperties) = preSolution
		HideSolutionNode = FALSE
	EndGlobalSection
	GlobalSection(ExtensibilityGlobals) = postSolution
		SolutionGuid = {7D537043-3CDF-442E-8DC5-501E3DF37AD3}
	EndGlobalSection
EndGlobal
